// !$*UTF8*$!
{
	archiveVersion = 1;
	classes = {
	};
	objectVersion = 50;
	objects = {

/* Begin PBXBuildFile section */
		343B516D2363672000DF8DD9 /* AppDelegate.swift in Sources */ = {isa = PBXBuildFile; fileRef = 343B516C2363672000DF8DD9 /* AppDelegate.swift */; };
		343B516F2363672000DF8DD9 /* SceneDelegate.swift in Sources */ = {isa = PBXBuildFile; fileRef = 343B516E2363672000DF8DD9 /* SceneDelegate.swift */; };
		343B51712363672000DF8DD9 /* RootViewController.swift in Sources */ = {isa = PBXBuildFile; fileRef = 343B51702363672000DF8DD9 /* RootViewController.swift */; };
		343B51742363672000DF8DD9 /* Main.storyboard in Resources */ = {isa = PBXBuildFile; fileRef = 343B51722363672000DF8DD9 /* Main.storyboard */; };
		343B51762363672100DF8DD9 /* Assets.xcassets in Resources */ = {isa = PBXBuildFile; fileRef = 343B51752363672100DF8DD9 /* Assets.xcassets */; };
		343B51792363672100DF8DD9 /* LaunchScreen.storyboard in Resources */ = {isa = PBXBuildFile; fileRef = 343B51772363672100DF8DD9 /* LaunchScreen.storyboard */; };
		343B51812363681000DF8DD9 /* Coordinator.swift in Sources */ = {isa = PBXBuildFile; fileRef = 343B51802363681000DF8DD9 /* Coordinator.swift */; };
		343B51832363687A00DF8DD9 /* Storyboard.swift in Sources */ = {isa = PBXBuildFile; fileRef = 343B51822363687A00DF8DD9 /* Storyboard.swift */; };
		343B51852363694800DF8DD9 /* MainCoordinator.swift in Sources */ = {isa = PBXBuildFile; fileRef = 343B51842363694800DF8DD9 /* MainCoordinator.swift */; };
		343B518723636D5800DF8DD9 /* OptionA.storyboard in Resources */ = {isa = PBXBuildFile; fileRef = 343B518623636D5800DF8DD9 /* OptionA.storyboard */; };
		343B518923636D6C00DF8DD9 /* OptionB.storyboard in Resources */ = {isa = PBXBuildFile; fileRef = 343B518823636D6C00DF8DD9 /* OptionB.storyboard */; };
		343B518B23636D8600DF8DD9 /* OptionAViewController.swift in Sources */ = {isa = PBXBuildFile; fileRef = 343B518A23636D8600DF8DD9 /* OptionAViewController.swift */; };
		343B518D23636DC500DF8DD9 /* OptionBViewController.swift in Sources */ = {isa = PBXBuildFile; fileRef = 343B518C23636DC500DF8DD9 /* OptionBViewController.swift */; };
/* End PBXBuildFile section */

/* Begin PBXFileReference section */
		343B51692363672000DF8DD9 /* Coordinator.app */ = {isa = PBXFileReference; explicitFileType = wrapper.application; includeInIndex = 0; path = Coordinator.app; sourceTree = BUILT_PRODUCTS_DIR; };
		343B516C2363672000DF8DD9 /* AppDelegate.swift */ = {isa = PBXFileReference; lastKnownFileType = sourcecode.swift; path = AppDelegate.swift; sourceTree = "<group>"; };
		343B516E2363672000DF8DD9 /* SceneDelegate.swift */ = {isa = PBXFileReference; lastKnownFileType = sourcecode.swift; path = SceneDelegate.swift; sourceTree = "<group>"; };
		343B51702363672000DF8DD9 /* RootViewController.swift */ = {isa = PBXFileReference; lastKnownFileType = sourcecode.swift; path = RootViewController.swift; sourceTree = "<group>"; };
		343B51732363672000DF8DD9 /* Base */ = {isa = PBXFileReference; lastKnownFileType = file.storyboard; name = Base; path = Base.lproj/Main.storyboard; sourceTree = "<group>"; };
		343B51752363672100DF8DD9 /* Assets.xcassets */ = {isa = PBXFileReference; lastKnownFileType = folder.assetcatalog; path = Assets.xcassets; sourceTree = "<group>"; };
		343B51782363672100DF8DD9 /* Base */ = {isa = PBXFileReference; lastKnownFileType = file.storyboard; name = Base; path = Base.lproj/LaunchScreen.storyboard; sourceTree = "<group>"; };
		343B517A2363672100DF8DD9 /* Info.plist */ = {isa = PBXFileReference; lastKnownFileType = text.plist.xml; path = Info.plist; sourceTree = "<group>"; };
		343B51802363681000DF8DD9 /* Coordinator.swift */ = {isa = PBXFileReference; lastKnownFileType = sourcecode.swift; path = Coordinator.swift; sourceTree = "<group>"; };
		343B51822363687A00DF8DD9 /* Storyboard.swift */ = {isa = PBXFileReference; lastKnownFileType = sourcecode.swift; path = Storyboard.swift; sourceTree = "<group>"; };
		343B51842363694800DF8DD9 /* MainCoordinator.swift */ = {isa = PBXFileReference; lastKnownFileType = sourcecode.swift; path = MainCoordinator.swift; sourceTree = "<group>"; };
		343B518623636D5800DF8DD9 /* OptionA.storyboard */ = {isa = PBXFileReference; lastKnownFileType = file.storyboard; path = OptionA.storyboard; sourceTree = "<group>"; };
		343B518823636D6C00DF8DD9 /* OptionB.storyboard */ = {isa = PBXFileReference; lastKnownFileType = file.storyboard; path = OptionB.storyboard; sourceTree = "<group>"; };
		343B518A23636D8600DF8DD9 /* OptionAViewController.swift */ = {isa = PBXFileReference; lastKnownFileType = sourcecode.swift; path = OptionAViewController.swift; sourceTree = "<group>"; };
		343B518C23636DC500DF8DD9 /* OptionBViewController.swift */ = {isa = PBXFileReference; lastKnownFileType = sourcecode.swift; path = OptionBViewController.swift; sourceTree = "<group>"; };
/* End PBXFileReference section */

/* Begin PBXFrameworksBuildPhase section */
		343B51662363672000DF8DD9 /* Frameworks */ = {
			isa = PBXFrameworksBuildPhase;
			buildActionMask = 2147483647;
			files = (
			);
			runOnlyForDeploymentPostprocessing = 0;
		};
/* End PBXFrameworksBuildPhase section */

/* Begin PBXGroup section */
		343B51602363671F00DF8DD9 = {
			isa = PBXGroup;
			children = (
				343B516B2363672000DF8DD9 /* Coordinator */,
				343B516A2363672000DF8DD9 /* Products */,
			);
			sourceTree = "<group>";
		};
		343B516A2363672000DF8DD9 /* Products */ = {
			isa = PBXGroup;
			children = (
				343B51692363672000DF8DD9 /* Coordinator.app */,
			);
			name = Products;
			sourceTree = "<group>";
		};
		343B516B2363672000DF8DD9 /* Coordinator */ = {
			isa = PBXGroup;
			children = (
				343B51842363694800DF8DD9 /* MainCoordinator.swift */,
				343B516C2363672000DF8DD9 /* AppDelegate.swift */,
				343B516E2363672000DF8DD9 /* SceneDelegate.swift */,
				343B51702363672000DF8DD9 /* RootViewController.swift */,
				343B51722363672000DF8DD9 /* Main.storyboard */,
				343B518623636D5800DF8DD9 /* OptionA.storyboard */,
				343B518A23636D8600DF8DD9 /* OptionAViewController.swift */,
				343B518823636D6C00DF8DD9 /* OptionB.storyboard */,
				343B518C23636DC500DF8DD9 /* OptionBViewController.swift */,
				343B51802363681000DF8DD9 /* Coordinator.swift */,
				343B51822363687A00DF8DD9 /* Storyboard.swift */,
				343B51752363672100DF8DD9 /* Assets.xcassets */,
				343B51772363672100DF8DD9 /* LaunchScreen.storyboard */,
				343B517A2363672100DF8DD9 /* Info.plist */,
			);
			path = Coordinator;
			sourceTree = "<group>";
		};
/* End PBXGroup section */

/* Begin PBXNativeTarget section */
		343B51682363672000DF8DD9 /* Coordinator */ = {
			isa = PBXNativeTarget;
			buildConfigurationList = 343B517D2363672100DF8DD9 /* Build configuration list for PBXNativeTarget "Coordinator" */;
			buildPhases = (
				343B51652363672000DF8DD9 /* Sources */,
				343B51662363672000DF8DD9 /* Frameworks */,
				343B51672363672000DF8DD9 /* Resources */,
			);
			buildRules = (
			);
			dependencies = (
			);
			name = Coordinator;
			productName = Coordinator;
			productReference = 343B51692363672000DF8DD9 /* Coordinator.app */;
			productType = "com.apple.product-type.application";
		};
/* End PBXNativeTarget section */

/* Begin PBXProject section */
		343B51612363671F00DF8DD9 /* Project object */ = {
			isa = PBXProject;
			attributes = {
				LastSwiftUpdateCheck = 1110;
				LastUpgradeCheck = 1110;
				ORGANIZATIONNAME = Viacom;
				TargetAttributes = {
					343B51682363672000DF8DD9 = {
						CreatedOnToolsVersion = 11.1;
					};
				};
			};
			buildConfigurationList = 343B51642363671F00DF8DD9 /* Build configuration list for PBXProject "Coordinator" */;
			compatibilityVersion = "Xcode 9.3";
			developmentRegion = en;
			hasScannedForEncodings = 0;
			knownRegions = (
				en,
				Base,
			);
			mainGroup = 343B51602363671F00DF8DD9;
			productRefGroup = 343B516A2363672000DF8DD9 /* Products */;
			projectDirPath = "";
			projectRoot = "";
			targets = (
				343B51682363672000DF8DD9 /* Coordinator */,
			);
		};
/* End PBXProject section */

/* Begin PBXResourcesBuildPhase section */
		343B51672363672000DF8DD9 /* Resources */ = {
			isa = PBXResourcesBuildPhase;
			buildActionMask = 2147483647;
			files = (
				343B518923636D6C00DF8DD9 /* OptionB.storyboard in Resources */,
				343B51792363672100DF8DD9 /* LaunchScreen.storyboard in Resources */,
				343B51762363672100DF8DD9 /* Assets.xcassets in Resources */,
				343B51742363672000DF8DD9 /* Main.storyboard in Resources */,
				343B518723636D5800DF8DD9 /* OptionA.storyboard in Resources */,
			);
			runOnlyForDeploymentPostprocessing = 0;
		};
/* End PBXResourcesBuildPhase section */

/* Begin PBXSourcesBuildPhase section */
		343B51652363672000DF8DD9 /* Sources */ = {
			isa = PBXSourcesBuildPhase;
			buildActionMask = 2147483647;
			files = (
				343B518D23636DC500DF8DD9 /* OptionBViewController.swift in Sources */,
				343B51812363681000DF8DD9 /* Coordinator.swift in Sources */,
				343B51852363694800DF8DD9 /* MainCoordinator.swift in Sources */,
				343B51832363687A00DF8DD9 /* Storyboard.swift in Sources */,
				343B51712363672000DF8DD9 /* RootViewController.swift in Sources */,
				343B518B23636D8600DF8DD9 /* OptionAViewController.swift in Sources */,
				343B516D2363672000DF8DD9 /* AppDelegate.swift in Sources */,
				343B516F2363672000DF8DD9 /* SceneDelegate.swift in Sources */,
			);
			runOnlyForDeploymentPostprocessing = 0;
		};
/* End PBXSourcesBuildPhase section */

/* Begin PBXVariantGroup section */
		343B51722363672000DF8DD9 /* Main.storyboard */ = {
			isa = PBXVariantGroup;
			children = (
				343B51732363672000DF8DD9 /* Base */,
			);
			name = Main.storyboard;
			sourceTree = "<group>";
		};
		343B51772363672100DF8DD9 /* LaunchScreen.storyboard */ = {
			isa = PBXVariantGroup;
			children = (
				343B51782363672100DF8DD9 /* Base */,
			);
			name = LaunchScreen.storyboard;
			sourceTree = "<group>";
		};
/* End PBXVariantGroup section */

/* Begin XCBuildConfiguration section */
		343B517B2363672100DF8DD9 /* Debug */ = {
			isa = XCBuildConfiguration;
			buildSettings = {
				ALWAYS_SEARCH_USER_PATHS = NO;
				CLANG_ANALYZER_NONNULL = YES;
				CLANG_ANALYZER_NUMBER_OBJECT_CONVERSION = YES_AGGRESSIVE;
				CLANG_CXX_LANGUAGE_STANDARD = "gnu++14";
				CLANG_CXX_LIBRARY = "libc++";
				CLANG_ENABLE_MODULES = YES;
				CLANG_ENABLE_OBJC_ARC = YES;
				CLANG_ENABLE_OBJC_WEAK = YES;
				CLANG_WARN_BLOCK_CAPTURE_AUTORELEASING = YES;
				CLANG_WARN_BOOL_CONVERSION = YES;
				CLANG_WARN_COMMA = YES;
				CLANG_WARN_CONSTANT_CONVERSION = YES;
				CLANG_WARN_DEPRECATED_OBJC_IMPLEMENTATIONS = YES;
				CLANG_WARN_DIRECT_OBJC_ISA_USAGE = YES_ERROR;
				CLANG_WARN_DOCUMENTATION_COMMENTS = YES;
				CLANG_WARN_EMPTY_BODY = YES;
				CLANG_WARN_ENUM_CONVERSION = YES;
				CLANG_WARN_INFINITE_RECURSION = YES;
				CLANG_WARN_INT_CONVERSION = YES;
				CLANG_WARN_NON_LITERAL_NULL_CONVERSION = YES;
				CLANG_WARN_OBJC_IMPLICIT_RETAIN_SELF = YES;
				CLANG_WARN_OBJC_LITERAL_CONVERSION = YES;
				CLANG_WARN_OBJC_ROOT_CLASS = YES_ERROR;
				CLANG_WARN_RANGE_LOOP_ANALYSIS = YES;
				CLANG_WARN_STRICT_PROTOTYPES = YES;
				CLANG_WARN_SUSPICIOUS_MOVE = YES;
				CLANG_WARN_UNGUARDED_AVAILABILITY = YES_AGGRESSIVE;
				CLANG_WARN_UNREACHABLE_CODE = YES;
				CLANG_WARN__DUPLICATE_METHOD_MATCH = YES;
				COPY_PHASE_STRIP = NO;
				DEBUG_INFORMATION_FORMAT = dwarf;
				ENABLE_STRICT_OBJC_MSGSEND = YES;
				ENABLE_TESTABILITY = YES;
				GCC_C_LANGUAGE_STANDARD = gnu11;
				GCC_DYNAMIC_NO_PIC = NO;
				GCC_NO_COMMON_BLOCKS = YES;
				GCC_OPTIMIZATION_LEVEL = 0;
				GCC_PREPROCESSOR_DEFINITIONS = (
					"DEBUG=1",
					"$(inherited)",
				);
				GCC_WARN_64_TO_32_BIT_CONVERSION = YES;
				GCC_WARN_ABOUT_RETURN_TYPE = YES_ERROR;
				GCC_WARN_UNDECLARED_SELECTOR = YES;
				GCC_WARN_UNINITIALIZED_AUTOS = YES_AGGRESSIVE;
				GCC_WARN_UNUSED_FUNCTION = YES;
				GCC_WARN_UNUSED_VARIABLE = YES;
				IPHONEOS_DEPLOYMENT_TARGET = 13.1;
				MTL_ENABLE_DEBUG_INFO = INCLUDE_SOURCE;
				MTL_FAST_MATH = YES;
				ONLY_ACTIVE_ARCH = YES;
				SDKROOT = iphoneos;
				SWIFT_ACTIVE_COMPILATION_CONDITIONS = DEBUG;
				SWIFT_OPTIMIZATION_LEVEL = "-Onone";
			};
			name = Debug;
		};
		343B517C2363672100DF8DD9 /* Release */ = {
			isa = XCBuildConfiguration;
			buildSettings = {
				ALWAYS_SEARCH_USER_PATHS = NO;
				CLANG_ANALYZER_NONNULL = YES;
				CLANG_ANALYZER_NUMBER_OBJECT_CONVERSION = YES_AGGRESSIVE;
				CLANG_CXX_LANGUAGE_STANDARD = "gnu++14";
				CLANG_CXX_LIBRARY = "libc++";
				CLANG_ENABLE_MODULES = YES;
				CLANG_ENABLE_OBJC_ARC = YES;
				CLANG_ENABLE_OBJC_WEAK = YES;
				CLANG_WARN_BLOCK_CAPTURE_AUTORELEASING = YES;
				CLANG_WARN_BOOL_CONVERSION = YES;
				CLANG_WARN_COMMA = YES;
				CLANG_WARN_CONSTANT_CONVERSION = YES;
				CLANG_WARN_DEPRECATED_OBJC_IMPLEMENTATIONS = YES;
				CLANG_WARN_DIRECT_OBJC_ISA_USAGE = YES_ERROR;
				CLANG_WARN_DOCUMENTATION_COMMENTS = YES;
				CLANG_WARN_EMPTY_BODY = YES;
				CLANG_WARN_ENUM_CONVERSION = YES;
				CLANG_WARN_INFINITE_RECURSION = YES;
				CLANG_WARN_INT_CONVERSION = YES;
				CLANG_WARN_NON_LITERAL_NULL_CONVERSION = YES;
				CLANG_WARN_OBJC_IMPLICIT_RETAIN_SELF = YES;
				CLANG_WARN_OBJC_LITERAL_CONVERSION = YES;
				CLANG_WARN_OBJC_ROOT_CLASS = YES_ERROR;
				CLANG_WARN_RANGE_LOOP_ANALYSIS = YES;
				CLANG_WARN_STRICT_PROTOTYPES = YES;
				CLANG_WARN_SUSPICIOUS_MOVE = YES;
				CLANG_WARN_UNGUARDED_AVAILABILITY = YES_AGGRESSIVE;
				CLANG_WARN_UNREACHABLE_CODE = YES;
				CLANG_WARN__DUPLICATE_METHOD_MATCH = YES;
				COPY_PHASE_STRIP = NO;
				DEBUG_INFORMATION_FORMAT = "dwarf-with-dsym";
				ENABLE_NS_ASSERTIONS = NO;
				ENABLE_STRICT_OBJC_MSGSEND = YES;
				GCC_C_LANGUAGE_STANDARD = gnu11;
				GCC_NO_COMMON_BLOCKS = YES;
				GCC_WARN_64_TO_32_BIT_CONVERSION = YES;
				GCC_WARN_ABOUT_RETURN_TYPE = YES_ERROR;
				GCC_WARN_UNDECLARED_SELECTOR = YES;
				GCC_WARN_UNINITIALIZED_AUTOS = YES_AGGRESSIVE;
				GCC_WARN_UNUSED_FUNCTION = YES;
				GCC_WARN_UNUSED_VARIABLE = YES;
				IPHONEOS_DEPLOYMENT_TARGET = 13.1;
				MTL_ENABLE_DEBUG_INFO = NO;
				MTL_FAST_MATH = YES;
				SDKROOT = iphoneos;
				SWIFT_COMPILATION_MODE = wholemodule;
				SWIFT_OPTIMIZATION_LEVEL = "-O";
				VALIDATE_PRODUCT = YES;
			};
			name = Release;
		};
		343B517E2363672100DF8DD9 /* Debug */ = {
			isa = XCBuildConfiguration;
			buildSettings = {
				ASSETCATALOG_COMPILER_APPICON_NAME = AppIcon;
				CODE_SIGN_STYLE = Automatic;
				DEVELOPMENT_TEAM = 736EHXL54B;
				INFOPLIST_FILE = Coordinator/Info.plist;
				LD_RUNPATH_SEARCH_PATHS = (
					"$(inherited)",
					"@executable_path/Frameworks",
				);
				PRODUCT_BUNDLE_IDENTIFIER = com.viacom.Coordinator;
				PRODUCT_NAME = "$(TARGET_NAME)";
				SWIFT_VERSION = 5.0;
				TARGETED_DEVICE_FAMILY = "1,2";
			};
			name = Debug;
		};
		343B517F2363672100DF8DD9 /* Release */ = {
			isa = XCBuildConfiguration;
			buildSettings = {
				ASSETCATALOG_COMPILER_APPICON_NAME = AppIcon;
				CODE_SIGN_STYLE = Automatic;
				DEVELOPMENT_TEAM = 736EHXL54B;
				INFOPLIST_FILE = Coordinator/Info.plist;
				LD_RUNPATH_SEARCH_PATHS = (
					"$(inherited)",
					"@executable_path/Frameworks",
				);
				PRODUCT_BUNDLE_IDENTIFIER = com.viacom.Coordinator;
				PRODUCT_NAME = "$(TARGET_NAME)";
				SWIFT_VERSION = 5.0;
				TARGETED_DEVICE_FAMILY = "1,2";
			};
			name = Release;
		};
/* End XCBuildConfiguration section */

/* Begin XCConfigurationList section */
		343B51642363671F00DF8DD9 /* Build configuration list for PBXProject "Coordinator" */ = {
			isa = XCConfigurationList;
			buildConfigurations = (
				343B517B2363672100DF8DD9 /* Debug */,
				343B517C2363672100DF8DD9 /* Release */,
			);
			defaultConfigurationIsVisible = 0;
			defaultConfigurationName = Release;
		};
		343B517D2363672100DF8DD9 /* Build configuration list for PBXNativeTarget "Coordinator" */ = {
			isa = XCConfigurationList;
			buildConfigurations = (
				343B517E2363672100DF8DD9 /* Debug */,
				343B517F2363672100DF8DD9 /* Release */,
			);
			defaultConfigurationIsVisible = 0;
			defaultConfigurationName = Release;
		};
/* End XCConfigurationList section */
	};
	rootObject = 343B51612363671F00DF8DD9 /* Project object */;
}
